
Microsoft Visual Studio Solution File, Format Version 12.00
# Visual Studio Version 17
VisualStudioVersion = 17.0.31903.59
MinimumVisualStudioVersion = 10.0.40219.1
Project("{2150E333-8FDC-42A3-9474-1A3956D46DE8}") = "src", "src", "{827E0CD3-B72D-47B6-A68D-7590B98EB39B}"
EndProject
Project("{FAE04EC0-301F-11D3-BF4B-00C04F79EFBC}") = "ETLFramework.Core", "src\ETLFramework.Core\ETLFramework.Core.csproj", "{958CAC3C-0D5E-4609-B8E2-444609841B6B}"
EndProject
Project("{FAE04EC0-301F-11D3-BF4B-00C04F79EFBC}") = "ETLFramework.Pipeline", "src\ETLFramework.Pipeline\ETLFramework.Pipeline.csproj", "{69E5326C-2EB5-4672-A09D-0BF6A995B456}"
EndProject
Project("{FAE04EC0-301F-11D3-BF4B-00C04F79EFBC}") = "ETLFramework.Configuration", "src\ETLFramework.Configuration\ETLFramework.Configuration.csproj", "{C9DDAD0F-CF71-41E7-857A-EB0A558CB366}"
EndProject
Project("{FAE04EC0-301F-11D3-BF4B-00C04F79EFBC}") = "ETLFramework.Connectors", "src\ETLFramework.Connectors\ETLFramework.Connectors.csproj", "{8547F717-D480-4A0C-8E32-383F8BBEE640}"
EndProject
Project("{FAE04EC0-301F-11D3-BF4B-00C04F79EFBC}") = "ETLFramework.Transformation", "src\ETLFramework.Transformation\ETLFramework.Transformation.csproj", "{EDA6D28A-EFAE-4A1E-B0F1-9711A3B5D0D4}"
EndProject
Project("{FAE04EC0-301F-11D3-BF4B-00C04F79EFBC}") = "ETLFramework.Messaging", "src\ETLFramework.Messaging\ETLFramework.Messaging.csproj", "{25367F01-E8C0-4179-AC6B-5254671137BE}"
EndProject
Project("{FAE04EC0-301F-11D3-BF4B-00C04F79EFBC}") = "ETLFramework.API", "src\ETLFramework.API\ETLFramework.API.csproj", "{5500B0E7-D73D-48CC-A77F-F42175469E65}"
EndProject
Project("{FAE04EC0-301F-11D3-BF4B-00C04F79EFBC}") = "ETLFramework.Host", "src\ETLFramework.Host\ETLFramework.Host.csproj", "{142B9224-E601-4719-A266-E21A25B7D2F1}"
EndProject
Project("{2150E333-8FDC-42A3-9474-1A3956D46DE8}") = "tests", "tests", "{0AB3BF05-4346-4AA6-1389-037BE0695223}"
EndProject
Project("{FAE04EC0-301F-11D3-BF4B-00C04F79EFBC}") = "ETLFramework.Tests.Unit", "tests\ETLFramework.Tests.Unit\ETLFramework.Tests.Unit.csproj", "{7066ABB1-616F-42C1-A909-305021F83B4D}"
EndProject
Project("{FAE04EC0-301F-11D3-BF4B-00C04F79EFBC}") = "ETLFramework.Tests.Integration", "tests\ETLFramework.Tests.Integration\ETLFramework.Tests.Integration.csproj", "{02F3CF66-8222-49FC-9D19-0EEE61D293BF}"
EndProject
Project("{FAE04EC0-301F-11D3-BF4B-00C04F79EFBC}") = "ETLFramework.Tests.Performance", "tests\ETLFramework.Tests.Performance\ETLFramework.Tests.Performance.csproj", "{54B50D41-326B-46FF-8D60-56D991137BCA}"
EndProject
Project("{2150E333-8FDC-42A3-9474-1A3956D46DE8}") = "samples", "samples", "{5D20AA90-6969-D8BD-9DCD-8634F4692FDA}"
EndProject
Project("{FAE04EC0-301F-11D3-BF4B-00C04F79EFBC}") = "ETLFramework.Samples", "samples\ETLFramework.Samples\ETLFramework.Samples.csproj", "{EEA15240-D8E6-445D-94FA-E186E5F6AA1A}"
EndProject
Project("{FAE04EC0-301F-11D3-BF4B-00C04F79EFBC}") = "ETLFramework.Tests", "tests\ETLFramework.Tests\ETLFramework.Tests.csproj", "{37670EF7-E4D0-4985-BA77-CA1F42500EF9}"
EndProject
Global
	GlobalSection(SolutionConfigurationPlatforms) = preSolution
		Debug|Any CPU = Debug|Any CPU
		Debug|x64 = Debug|x64
		Debug|x86 = Debug|x86
		Release|Any CPU = Release|Any CPU
		Release|x64 = Release|x64
		Release|x86 = Release|x86
	EndGlobalSection
	GlobalSection(ProjectConfigurationPlatforms) = postSolution
		{958CAC3C-0D5E-4609-B8E2-444609841B6B}.Debug|Any CPU.ActiveCfg = Debug|Any CPU
		{958CAC3C-0D5E-4609-B8E2-444609841B6B}.Debug|Any CPU.Build.0 = Debug|Any CPU
		{958CAC3C-0D5E-4609-B8E2-444609841B6B}.Debug|x64.ActiveCfg = Debug|Any CPU
		{958CAC3C-0D5E-4609-B8E2-444609841B6B}.Debug|x64.Build.0 = Debug|Any CPU
		{958CAC3C-0D5E-4609-B8E2-444609841B6B}.Debug|x86.ActiveCfg = Debug|Any CPU
		{958CAC3C-0D5E-4609-B8E2-444609841B6B}.Debug|x86.Build.0 = Debug|Any CPU
		{958CAC3C-0D5E-4609-B8E2-444609841B6B}.Release|Any CPU.ActiveCfg = Release|Any CPU
		{958CAC3C-0D5E-4609-B8E2-444609841B6B}.Release|Any CPU.Build.0 = Release|Any CPU
		{958CAC3C-0D5E-4609-B8E2-444609841B6B}.Release|x64.ActiveCfg = Release|Any CPU
		{958CAC3C-0D5E-4609-B8E2-444609841B6B}.Release|x64.Build.0 = Release|Any CPU
		{958CAC3C-0D5E-4609-B8E2-444609841B6B}.Release|x86.ActiveCfg = Release|Any CPU
		{958CAC3C-0D5E-4609-B8E2-444609841B6B}.Release|x86.Build.0 = Release|Any CPU
		{69E5326C-2EB5-4672-A09D-0BF6A995B456}.Debug|Any CPU.ActiveCfg = Debug|Any CPU
		{69E5326C-2EB5-4672-A09D-0BF6A995B456}.Debug|Any CPU.Build.0 = Debug|Any CPU
		{69E5326C-2EB5-4672-A09D-0BF6A995B456}.Debug|x64.ActiveCfg = Debug|Any CPU
		{69E5326C-2EB5-4672-A09D-0BF6A995B456}.Debug|x64.Build.0 = Debug|Any CPU
		{69E5326C-2EB5-4672-A09D-0BF6A995B456}.Debug|x86.ActiveCfg = Debug|Any CPU
		{69E5326C-2EB5-4672-A09D-0BF6A995B456}.Debug|x86.Build.0 = Debug|Any CPU
		{69E5326C-2EB5-4672-A09D-0BF6A995B456}.Release|Any CPU.ActiveCfg = Release|Any CPU
		{69E5326C-2EB5-4672-A09D-0BF6A995B456}.Release|Any CPU.Build.0 = Release|Any CPU
		{69E5326C-2EB5-4672-A09D-0BF6A995B456}.Release|x64.ActiveCfg = Release|Any CPU
		{69E5326C-2EB5-4672-A09D-0BF6A995B456}.Release|x64.Build.0 = Release|Any CPU
		{69E5326C-2EB5-4672-A09D-0BF6A995B456}.Release|x86.ActiveCfg = Release|Any CPU
		{69E5326C-2EB5-4672-A09D-0BF6A995B456}.Release|x86.Build.0 = Release|Any CPU
		{C9DDAD0F-CF71-41E7-857A-EB0A558CB366}.Debug|Any CPU.ActiveCfg = Debug|Any CPU
		{C9DDAD0F-CF71-41E7-857A-EB0A558CB366}.Debug|Any CPU.Build.0 = Debug|Any CPU
		{C9DDAD0F-CF71-41E7-857A-EB0A558CB366}.Debug|x64.ActiveCfg = Debug|Any CPU
		{C9DDAD0F-CF71-41E7-857A-EB0A558CB366}.Debug|x64.Build.0 = Debug|Any CPU
		{C9DDAD0F-CF71-41E7-857A-EB0A558CB366}.Debug|x86.ActiveCfg = Debug|Any CPU
		{C9DDAD0F-CF71-41E7-857A-EB0A558CB366}.Debug|x86.Build.0 = Debug|Any CPU
		{C9DDAD0F-CF71-41E7-857A-EB0A558CB366}.Release|Any CPU.ActiveCfg = Release|Any CPU
		{C9DDAD0F-CF71-41E7-857A-EB0A558CB366}.Release|Any CPU.Build.0 = Release|Any CPU
		{C9DDAD0F-CF71-41E7-857A-EB0A558CB366}.Release|x64.ActiveCfg = Release|Any CPU
		{C9DDAD0F-CF71-41E7-857A-EB0A558CB366}.Release|x64.Build.0 = Release|Any CPU
		{C9DDAD0F-CF71-41E7-857A-EB0A558CB366}.Release|x86.ActiveCfg = Release|Any CPU
		{C9DDAD0F-CF71-41E7-857A-EB0A558CB366}.Release|x86.Build.0 = Release|Any CPU
		{8547F717-D480-4A0C-8E32-383F8BBEE640}.Debug|Any CPU.ActiveCfg = Debug|Any CPU
		{8547F717-D480-4A0C-8E32-383F8BBEE640}.Debug|Any CPU.Build.0 = Debug|Any CPU
		{8547F717-D480-4A0C-8E32-383F8BBEE640}.Debug|x64.ActiveCfg = Debug|Any CPU
		{8547F717-D480-4A0C-8E32-383F8BBEE640}.Debug|x64.Build.0 = Debug|Any CPU
		{8547F717-D480-4A0C-8E32-383F8BBEE640}.Debug|x86.ActiveCfg = Debug|Any CPU
		{8547F717-D480-4A0C-8E32-383F8BBEE640}.Debug|x86.Build.0 = Debug|Any CPU
		{8547F717-D480-4A0C-8E32-383F8BBEE640}.Release|Any CPU.ActiveCfg = Release|Any CPU
		{8547F717-D480-4A0C-8E32-383F8BBEE640}.Release|Any CPU.Build.0 = Release|Any CPU
		{8547F717-D480-4A0C-8E32-383F8BBEE640}.Release|x64.ActiveCfg = Release|Any CPU
		{8547F717-D480-4A0C-8E32-383F8BBEE640}.Release|x64.Build.0 = Release|Any CPU
		{8547F717-D480-4A0C-8E32-383F8BBEE640}.Release|x86.ActiveCfg = Release|Any CPU
		{8547F717-D480-4A0C-8E32-383F8BBEE640}.Release|x86.Build.0 = Release|Any CPU
		{EDA6D28A-EFAE-4A1E-B0F1-9711A3B5D0D4}.Debug|Any CPU.ActiveCfg = Debug|Any CPU
		{EDA6D28A-EFAE-4A1E-B0F1-9711A3B5D0D4}.Debug|Any CPU.Build.0 = Debug|Any CPU
		{EDA6D28A-EFAE-4A1E-B0F1-9711A3B5D0D4}.Debug|x64.ActiveCfg = Debug|Any CPU
		{EDA6D28A-EFAE-4A1E-B0F1-9711A3B5D0D4}.Debug|x64.Build.0 = Debug|Any CPU
		{EDA6D28A-EFAE-4A1E-B0F1-9711A3B5D0D4}.Debug|x86.ActiveCfg = Debug|Any CPU
		{EDA6D28A-EFAE-4A1E-B0F1-9711A3B5D0D4}.Debug|x86.Build.0 = Debug|Any CPU
		{EDA6D28A-EFAE-4A1E-B0F1-9711A3B5D0D4}.Release|Any CPU.ActiveCfg = Release|Any CPU
		{EDA6D28A-EFAE-4A1E-B0F1-9711A3B5D0D4}.Release|Any CPU.Build.0 = Release|Any CPU
		{EDA6D28A-EFAE-4A1E-B0F1-9711A3B5D0D4}.Release|x64.ActiveCfg = Release|Any CPU
		{EDA6D28A-EFAE-4A1E-B0F1-9711A3B5D0D4}.Release|x64.Build.0 = Release|Any CPU
		{EDA6D28A-EFAE-4A1E-B0F1-9711A3B5D0D4}.Release|x86.ActiveCfg = Release|Any CPU
		{EDA6D28A-EFAE-4A1E-B0F1-9711A3B5D0D4}.Release|x86.Build.0 = Release|Any CPU
		{25367F01-E8C0-4179-AC6B-5254671137BE}.Debug|Any CPU.ActiveCfg = Debug|Any CPU
		{25367F01-E8C0-4179-AC6B-5254671137BE}.Debug|Any CPU.Build.0 = Debug|Any CPU
		{25367F01-E8C0-4179-AC6B-5254671137BE}.Debug|x64.ActiveCfg = Debug|Any CPU
		{25367F01-E8C0-4179-AC6B-5254671137BE}.Debug|x64.Build.0 = Debug|Any CPU
		{25367F01-E8C0-4179-AC6B-5254671137BE}.Debug|x86.ActiveCfg = Debug|Any CPU
		{25367F01-E8C0-4179-AC6B-5254671137BE}.Debug|x86.Build.0 = Debug|Any CPU
		{25367F01-E8C0-4179-AC6B-5254671137BE}.Release|Any CPU.ActiveCfg = Release|Any CPU
		{25367F01-E8C0-4179-AC6B-5254671137BE}.Release|Any CPU.Build.0 = Release|Any CPU
		{25367F01-E8C0-4179-AC6B-5254671137BE}.Release|x64.ActiveCfg = Release|Any CPU
		{25367F01-E8C0-4179-AC6B-5254671137BE}.Release|x64.Build.0 = Release|Any CPU
		{25367F01-E8C0-4179-AC6B-5254671137BE}.Release|x86.ActiveCfg = Release|Any CPU
		{25367F01-E8C0-4179-AC6B-5254671137BE}.Release|x86.Build.0 = Release|Any CPU
		{5500B0E7-D73D-48CC-A77F-F42175469E65}.Debug|Any CPU.ActiveCfg = Debug|Any CPU
		{5500B0E7-D73D-48CC-A77F-F42175469E65}.Debug|Any CPU.Build.0 = Debug|Any CPU
		{5500B0E7-D73D-48CC-A77F-F42175469E65}.Debug|x64.ActiveCfg = Debug|Any CPU
		{5500B0E7-D73D-48CC-A77F-F42175469E65}.Debug|x64.Build.0 = Debug|Any CPU
		{5500B0E7-D73D-48CC-A77F-F42175469E65}.Debug|x86.ActiveCfg = Debug|Any CPU
		{5500B0E7-D73D-48CC-A77F-F42175469E65}.Debug|x86.Build.0 = Debug|Any CPU
		{5500B0E7-D73D-48CC-A77F-F42175469E65}.Release|Any CPU.ActiveCfg = Release|Any CPU
		{5500B0E7-D73D-48CC-A77F-F42175469E65}.Release|Any CPU.Build.0 = Release|Any CPU
		{5500B0E7-D73D-48CC-A77F-F42175469E65}.Release|x64.ActiveCfg = Release|Any CPU
		{5500B0E7-D73D-48CC-A77F-F42175469E65}.Release|x64.Build.0 = Release|Any CPU
		{5500B0E7-D73D-48CC-A77F-F42175469E65}.Release|x86.ActiveCfg = Release|Any CPU
		{5500B0E7-D73D-48CC-A77F-F42175469E65}.Release|x86.Build.0 = Release|Any CPU
		{142B9224-E601-4719-A266-E21A25B7D2F1}.Debug|Any CPU.ActiveCfg = Debug|Any CPU
		{142B9224-E601-4719-A266-E21A25B7D2F1}.Debug|Any CPU.Build.0 = Debug|Any CPU
		{142B9224-E601-4719-A266-E21A25B7D2F1}.Debug|x64.ActiveCfg = Debug|Any CPU
		{142B9224-E601-4719-A266-E21A25B7D2F1}.Debug|x64.Build.0 = Debug|Any CPU
		{142B9224-E601-4719-A266-E21A25B7D2F1}.Debug|x86.ActiveCfg = Debug|Any CPU
		{142B9224-E601-4719-A266-E21A25B7D2F1}.Debug|x86.Build.0 = Debug|Any CPU
		{142B9224-E601-4719-A266-E21A25B7D2F1}.Release|Any CPU.ActiveCfg = Release|Any CPU
		{142B9224-E601-4719-A266-E21A25B7D2F1}.Release|Any CPU.Build.0 = Release|Any CPU
		{142B9224-E601-4719-A266-E21A25B7D2F1}.Release|x64.ActiveCfg = Release|Any CPU
		{142B9224-E601-4719-A266-E21A25B7D2F1}.Release|x64.Build.0 = Release|Any CPU
		{142B9224-E601-4719-A266-E21A25B7D2F1}.Release|x86.ActiveCfg = Release|Any CPU
		{142B9224-E601-4719-A266-E21A25B7D2F1}.Release|x86.Build.0 = Release|Any CPU
		{7066ABB1-616F-42C1-A909-305021F83B4D}.Debug|Any CPU.ActiveCfg = Debug|Any CPU
		{7066ABB1-616F-42C1-A909-305021F83B4D}.Debug|Any CPU.Build.0 = Debug|Any CPU
		{7066ABB1-616F-42C1-A909-305021F83B4D}.Debug|x64.ActiveCfg = Debug|Any CPU
		{7066ABB1-616F-42C1-A909-305021F83B4D}.Debug|x64.Build.0 = Debug|Any CPU
		{7066ABB1-616F-42C1-A909-305021F83B4D}.Debug|x86.ActiveCfg = Debug|Any CPU
		{7066ABB1-616F-42C1-A909-305021F83B4D}.Debug|x86.Build.0 = Debug|Any CPU
		{7066ABB1-616F-42C1-A909-305021F83B4D}.Release|Any CPU.ActiveCfg = Release|Any CPU
		{7066ABB1-616F-42C1-A909-305021F83B4D}.Release|Any CPU.Build.0 = Release|Any CPU
		{7066ABB1-616F-42C1-A909-305021F83B4D}.Release|x64.ActiveCfg = Release|Any CPU
		{7066ABB1-616F-42C1-A909-305021F83B4D}.Release|x64.Build.0 = Release|Any CPU
		{7066ABB1-616F-42C1-A909-305021F83B4D}.Release|x86.ActiveCfg = Release|Any CPU
		{7066ABB1-616F-42C1-A909-305021F83B4D}.Release|x86.Build.0 = Release|Any CPU
		{02F3CF66-8222-49FC-9D19-0EEE61D293BF}.Debug|Any CPU.ActiveCfg = Debug|Any CPU
		{02F3CF66-8222-49FC-9D19-0EEE61D293BF}.Debug|Any CPU.Build.0 = Debug|Any CPU
		{02F3CF66-8222-49FC-9D19-0EEE61D293BF}.Debug|x64.ActiveCfg = Debug|Any CPU
		{02F3CF66-8222-49FC-9D19-0EEE61D293BF}.Debug|x64.Build.0 = Debug|Any CPU
		{02F3CF66-8222-49FC-9D19-0EEE61D293BF}.Debug|x86.ActiveCfg = Debug|Any CPU
		{02F3CF66-8222-49FC-9D19-0EEE61D293BF}.Debug|x86.Build.0 = Debug|Any CPU
		{02F3CF66-8222-49FC-9D19-0EEE61D293BF}.Release|Any CPU.ActiveCfg = Release|Any CPU
		{02F3CF66-8222-49FC-9D19-0EEE61D293BF}.Release|Any CPU.Build.0 = Release|Any CPU
		{02F3CF66-8222-49FC-9D19-0EEE61D293BF}.Release|x64.ActiveCfg = Release|Any CPU
		{02F3CF66-8222-49FC-9D19-0EEE61D293BF}.Release|x64.Build.0 = Release|Any CPU
		{02F3CF66-8222-49FC-9D19-0EEE61D293BF}.Release|x86.ActiveCfg = Release|Any CPU
		{02F3CF66-8222-49FC-9D19-0EEE61D293BF}.Release|x86.Build.0 = Release|Any CPU
		{54B50D41-326B-46FF-8D60-56D991137BCA}.Debug|Any CPU.ActiveCfg = Debug|Any CPU
		{54B50D41-326B-46FF-8D60-56D991137BCA}.Debug|Any CPU.Build.0 = Debug|Any CPU
		{54B50D41-326B-46FF-8D60-56D991137BCA}.Debug|x64.ActiveCfg = Debug|Any CPU
		{54B50D41-326B-46FF-8D60-56D991137BCA}.Debug|x64.Build.0 = Debug|Any CPU
		{54B50D41-326B-46FF-8D60-56D991137BCA}.Debug|x86.ActiveCfg = Debug|Any CPU
		{54B50D41-326B-46FF-8D60-56D991137BCA}.Debug|x86.Build.0 = Debug|Any CPU
		{54B50D41-326B-46FF-8D60-56D991137BCA}.Release|Any CPU.ActiveCfg = Release|Any CPU
		{54B50D41-326B-46FF-8D60-56D991137BCA}.Release|Any CPU.Build.0 = Release|Any CPU
		{54B50D41-326B-46FF-8D60-56D991137BCA}.Release|x64.ActiveCfg = Release|Any CPU
		{54B50D41-326B-46FF-8D60-56D991137BCA}.Release|x64.Build.0 = Release|Any CPU
		{54B50D41-326B-46FF-8D60-56D991137BCA}.Release|x86.ActiveCfg = Release|Any CPU
		{54B50D41-326B-46FF-8D60-56D991137BCA}.Release|x86.Build.0 = Release|Any CPU
		{EEA15240-D8E6-445D-94FA-E186E5F6AA1A}.Debug|Any CPU.ActiveCfg = Debug|Any CPU
		{EEA15240-D8E6-445D-94FA-E186E5F6AA1A}.Debug|Any CPU.Build.0 = Debug|Any CPU
		{EEA15240-D8E6-445D-94FA-E186E5F6AA1A}.Debug|x64.ActiveCfg = Debug|Any CPU
		{EEA15240-D8E6-445D-94FA-E186E5F6AA1A}.Debug|x64.Build.0 = Debug|Any CPU
		{EEA15240-D8E6-445D-94FA-E186E5F6AA1A}.Debug|x86.ActiveCfg = Debug|Any CPU
		{EEA15240-D8E6-445D-94FA-E186E5F6AA1A}.Debug|x86.Build.0 = Debug|Any CPU
		{EEA15240-D8E6-445D-94FA-E186E5F6AA1A}.Release|Any CPU.ActiveCfg = Release|Any CPU
		{EEA15240-D8E6-445D-94FA-E186E5F6AA1A}.Release|Any CPU.Build.0 = Release|Any CPU
		{EEA15240-D8E6-445D-94FA-E186E5F6AA1A}.Release|x64.ActiveCfg = Release|Any CPU
		{EEA15240-D8E6-445D-94FA-E186E5F6AA1A}.Release|x64.Build.0 = Release|Any CPU
		{EEA15240-D8E6-445D-94FA-E186E5F6AA1A}.Release|x86.ActiveCfg = Release|Any CPU
		{EEA15240-D8E6-445D-94FA-E186E5F6AA1A}.Release|x86.Build.0 = Release|Any CPU
		{37670EF7-E4D0-4985-BA77-CA1F42500EF9}.Debug|Any CPU.ActiveCfg = Debug|Any CPU
		{37670EF7-E4D0-4985-BA77-CA1F42500EF9}.Debug|Any CPU.Build.0 = Debug|Any CPU
		{37670EF7-E4D0-4985-BA77-CA1F42500EF9}.Debug|x64.ActiveCfg = Debug|Any CPU
		{37670EF7-E4D0-4985-BA77-CA1F42500EF9}.Debug|x64.Build.0 = Debug|Any CPU
		{37670EF7-E4D0-4985-BA77-CA1F42500EF9}.Debug|x86.ActiveCfg = Debug|Any CPU
		{37670EF7-E4D0-4985-BA77-CA1F42500EF9}.Debug|x86.Build.0 = Debug|Any CPU
		{37670EF7-E4D0-4985-BA77-CA1F42500EF9}.Release|Any CPU.ActiveCfg = Release|Any CPU
		{37670EF7-E4D0-4985-BA77-CA1F42500EF9}.Release|Any CPU.Build.0 = Release|Any CPU
		{37670EF7-E4D0-4985-BA77-CA1F42500EF9}.Release|x64.ActiveCfg = Release|Any CPU
		{37670EF7-E4D0-4985-BA77-CA1F42500EF9}.Release|x64.Build.0 = Release|Any CPU
		{37670EF7-E4D0-4985-BA77-CA1F42500EF9}.Release|x86.ActiveCfg = Release|Any CPU
		{37670EF7-E4D0-4985-BA77-CA1F42500EF9}.Release|x86.Build.0 = Release|Any CPU
	EndGlobalSection
	GlobalSection(SolutionProperties) = preSolution
		HideSolutionNode = FALSE
	EndGlobalSection
	GlobalSection(NestedProjects) = preSolution
		{958CAC3C-0D5E-4609-B8E2-444609841B6B} = {827E0CD3-B72D-47B6-A68D-7590B98EB39B}
		{69E5326C-2EB5-4672-A09D-0BF6A995B456} = {827E0CD3-B72D-47B6-A68D-7590B98EB39B}
		{C9DDAD0F-CF71-41E7-857A-EB0A558CB366} = {827E0CD3-B72D-47B6-A68D-7590B98EB39B}
		{8547F717-D480-4A0C-8E32-383F8BBEE640} = {827E0CD3-B72D-47B6-A68D-7590B98EB39B}
		{EDA6D28A-EFAE-4A1E-B0F1-9711A3B5D0D4} = {827E0CD3-B72D-47B6-A68D-7590B98EB39B}
		{25367F01-E8C0-4179-AC6B-5254671137BE} = {827E0CD3-B72D-47B6-A68D-7590B98EB39B}
		{5500B0E7-D73D-48CC-A77F-F42175469E65} = {827E0CD3-B72D-47B6-A68D-7590B98EB39B}
		{142B9224-E601-4719-A266-E21A25B7D2F1} = {827E0CD3-B72D-47B6-A68D-7590B98EB39B}
		{7066ABB1-616F-42C1-A909-305021F83B4D} = {0AB3BF05-4346-4AA6-1389-037BE0695223}
		{02F3CF66-8222-49FC-9D19-0EEE61D293BF} = {0AB3BF05-4346-4AA6-1389-037BE0695223}
		{54B50D41-326B-46FF-8D60-56D991137BCA} = {0AB3BF05-4346-4AA6-1389-037BE0695223}
		{EEA15240-D8E6-445D-94FA-E186E5F6AA1A} = {5D20AA90-6969-D8BD-9DCD-8634F4692FDA}
		{37670EF7-E4D0-4985-BA77-CA1F42500EF9} = {0AB3BF05-4346-4AA6-1389-037BE0695223}
	EndGlobalSection
EndGlobal
